
Microsoft Visual Studio Solution File, Format Version 12.00
# Visual Studio Version 17
VisualStudioVersion = 17.8.34330.188
MinimumVisualStudioVersion = 10.0.40219.1
Project("{9A19103F-16F7-4668-BE54-9A1E7A4F7556}") = "Extendedobject", "WpfTests\Extendedobject.csproj", "{A95E023C-7534-47B0-8A65-0619DFCCE456}"
EndProject
Project("{9A19103F-16F7-4668-BE54-9A1E7A4F7556}") = "Factory", "FactoryTest\Factory.csproj", "{6F02E200-49D6-4E9D-9FAA-A29541C76D9F}"
EndProject
Project("{9A19103F-16F7-4668-BE54-9A1E7A4F7556}") = "FactoryMethod", "FactoryMethod\FactoryMethod.csproj", "{34A372A6-EA37-48A7-AD2B-C937A1DA01D2}"
EndProject
Project("{9A19103F-16F7-4668-BE54-9A1E7A4F7556}") = "AbstractFactory", "AbstractFactory\AbstractFactory.csproj", "{BAF2D6CC-D9D7-44CE-A92F-D60479D2E94F}"
EndProject
Project("{2150E333-8FDC-42A3-9474-1A3956D46DE8}") = "三种工厂模式", "三种工厂模式", "{7D1B1200-7E64-41AF-875F-84C08DDAE562}"
EndProject
Project("{2150E333-8FDC-42A3-9474-1A3956D46DE8}") = "扩展对象", "扩展对象", "{DC2F9910-58B2-46BC-B630-7C13B73F3B61}"
EndProject
Project("{2150E333-8FDC-42A3-9474-1A3956D46DE8}") = "PLCHandle测试", "PLCHandle测试", "{274EEB5E-7E2B-4B2F-9158-233028983692}"
EndProject
Project("{9A19103F-16F7-4668-BE54-9A1E7A4F7556}") = "PLCHandle", "PLCHandle\PLCHandle.csproj", "{53C2367E-2B76-4F13-913D-9E162BCF886D}"
EndProject
Project("{2150E333-8FDC-42A3-9474-1A3956D46DE8}") = "Avalonia控件练习", "Avalonia控件练习", "{F7599BA7-3248-41FB-9077-207BF1867464}"
EndProject
Project("{2150E333-8FDC-42A3-9474-1A3956D46DE8}") = "依赖注入和控制反转", "依赖注入和控制反转", "{22F9BC22-F774-4B76-91F9-D5885E3F421E}"
EndProject
Project("{9A19103F-16F7-4668-BE54-9A1E7A4F7556}") = "WPF_DITest", "WPF_DITest\WPF_DITest.csproj", "{0AA8AC29-B08E-4852-A520-B8C01B4DD685}"
EndProject
Project("{2150E333-8FDC-42A3-9474-1A3956D46DE8}") = "XML文件相关", "XML文件相关", "{15EEE47B-5302-4D8D-B84A-5AA1467C1450}"
EndProject
Project("{9A19103F-16F7-4668-BE54-9A1E7A4F7556}") = "XMLUpData", "XMLUpData\XMLUpData.csproj", "{8246E701-DF1D-4357-957D-12949CE99D56}"
EndProject
Project("{9A19103F-16F7-4668-BE54-9A1E7A4F7556}") = "AvaloniaMAXTest", "AvaloniaMAXTest\AvaloniaMAXTest.csproj", "{AAE45285-7B12-4C73-A446-A584435FBDFA}"
EndProject
Project("{FAE04EC0-301F-11D3-BF4B-00C04F79EFBC}") = "OPC UA Client", "OPC UA Client\OPC UA Client.csproj", "{D5B4A569-1FED-484C-8700-6776CDFED499}"
EndProject
Project("{2150E333-8FDC-42A3-9474-1A3956D46DE8}") = "OPC_UA相关", "OPC_UA相关", "{3E5EA1A6-0199-4EDE-84CB-E5B8F922DC54}"
EndProject
Project("{FAE04EC0-301F-11D3-BF4B-00C04F79EFBC}") = "treeviewTest", "treeviewTest\treeviewTest.csproj", "{898CAC65-2FF4-4333-93A8-893536B5153E}"
EndProject
Project("{9A19103F-16F7-4668-BE54-9A1E7A4F7556}") = "ToggleButtonTest", "ToggleButtonTest\ToggleButtonTest.csproj", "{CA7ED99D-7F5F-452D-94D1-921B01809857}"
EndProject
Project("{9A19103F-16F7-4668-BE54-9A1E7A4F7556}") = "SP7020Test", "SP7020Test\SP7020Test.csproj", "{6318E6A0-5ED6-41A5-AE6C-77623D85AB2C}"
EndProject
Project("{9A19103F-16F7-4668-BE54-9A1E7A4F7556}") = "Pdf_test", "Pdf_test\Pdf_test.csproj", "{537F651B-5D39-4B79-BA1F-85D1C1E3930F}"
EndProject
Project("{9A19103F-16F7-4668-BE54-9A1E7A4F7556}") = "SUKIUITest", "SUKIUITest\SUKIUITest.csproj", "{498C828A-0E05-491B-84EE-0828C0235EE7}"
EndProject
Project("{9A19103F-16F7-4668-BE54-9A1E7A4F7556}") = "opcuabrowser", "opcuabrowser\opcuabrowser.csproj", "{A959934B-3CDF-4437-8CE4-D514E8D4423D}"
EndProject
Project("{FAE04EC0-301F-11D3-BF4B-00C04F79EFBC}") = "OPCUA_codesysTest", "OPCUA_codesysTest\OPCUA_codesysTest.csproj", "{3A1D90C3-A7F4-4BD6-993B-5D221544A9E2}"
EndProject
Project("{FAE04EC0-301F-11D3-BF4B-00C04F79EFBC}") = "opcua0524", "opcua0524\opcua0524.csproj", "{592E1E39-A95B-44EF-81F0-508130CEBDD5}"
EndProject
Project("{2150E333-8FDC-42A3-9474-1A3956D46DE8}") = "Winform相关", "Winform相关", "{BC8DFAB9-05C3-4EE6-B38D-D5E517655FDD}"
EndProject
Project("{FAE04EC0-301F-11D3-BF4B-00C04F79EFBC}") = "MessageBus", "MessageBus\MessageBus.csproj", "{3266F889-9D47-420E-A640-D24AEC5871A5}"
EndProject
Project("{2150E333-8FDC-42A3-9474-1A3956D46DE8}") = "多线程", "多线程", "{7DFC5485-4ED9-4BB9-9EF9-A285C105F35F}"
EndProject
Project("{FAE04EC0-301F-11D3-BF4B-00C04F79EFBC}") = "task_Test", "task_Test\task_Test.csproj", "{201F5725-DB77-4DE4-9E49-B83CB6C042FD}"
EndProject
Global
	GlobalSection(SolutionConfigurationPlatforms) = preSolution
		Debug|Any CPU = Debug|Any CPU
		Release|Any CPU = Release|Any CPU
	EndGlobalSection
	GlobalSection(ProjectConfigurationPlatforms) = postSolution
		{A95E023C-7534-47B0-8A65-0619DFCCE456}.Debug|Any CPU.ActiveCfg = Debug|Any CPU
		{A95E023C-7534-47B0-8A65-0619DFCCE456}.Debug|Any CPU.Build.0 = Debug|Any CPU
		{A95E023C-7534-47B0-8A65-0619DFCCE456}.Release|Any CPU.ActiveCfg = Release|Any CPU
		{A95E023C-7534-47B0-8A65-0619DFCCE456}.Release|Any CPU.Build.0 = Release|Any CPU
		{6F02E200-49D6-4E9D-9FAA-A29541C76D9F}.Debug|Any CPU.ActiveCfg = Debug|Any CPU
		{6F02E200-49D6-4E9D-9FAA-A29541C76D9F}.Debug|Any CPU.Build.0 = Debug|Any CPU
		{6F02E200-49D6-4E9D-9FAA-A29541C76D9F}.Release|Any CPU.ActiveCfg = Release|Any CPU
		{6F02E200-49D6-4E9D-9FAA-A29541C76D9F}.Release|Any CPU.Build.0 = Release|Any CPU
		{34A372A6-EA37-48A7-AD2B-C937A1DA01D2}.Debug|Any CPU.ActiveCfg = Debug|Any CPU
		{34A372A6-EA37-48A7-AD2B-C937A1DA01D2}.Debug|Any CPU.Build.0 = Debug|Any CPU
		{34A372A6-EA37-48A7-AD2B-C937A1DA01D2}.Release|Any CPU.ActiveCfg = Release|Any CPU
		{34A372A6-EA37-48A7-AD2B-C937A1DA01D2}.Release|Any CPU.Build.0 = Release|Any CPU
		{BAF2D6CC-D9D7-44CE-A92F-D60479D2E94F}.Debug|Any CPU.ActiveCfg = Debug|Any CPU
		{BAF2D6CC-D9D7-44CE-A92F-D60479D2E94F}.Debug|Any CPU.Build.0 = Debug|Any CPU
		{BAF2D6CC-D9D7-44CE-A92F-D60479D2E94F}.Release|Any CPU.ActiveCfg = Release|Any CPU
		{BAF2D6CC-D9D7-44CE-A92F-D60479D2E94F}.Release|Any CPU.Build.0 = Release|Any CPU
		{53C2367E-2B76-4F13-913D-9E162BCF886D}.Debug|Any CPU.ActiveCfg = Debug|Any CPU
		{53C2367E-2B76-4F13-913D-9E162BCF886D}.Debug|Any CPU.Build.0 = Debug|Any CPU
		{53C2367E-2B76-4F13-913D-9E162BCF886D}.Release|Any CPU.ActiveCfg = Release|Any CPU
		{53C2367E-2B76-4F13-913D-9E162BCF886D}.Release|Any CPU.Build.0 = Release|Any CPU
		{0AA8AC29-B08E-4852-A520-B8C01B4DD685}.Debug|Any CPU.ActiveCfg = Debug|Any CPU
		{0AA8AC29-B08E-4852-A520-B8C01B4DD685}.Debug|Any CPU.Build.0 = Debug|Any CPU
		{0AA8AC29-B08E-4852-A520-B8C01B4DD685}.Release|Any CPU.ActiveCfg = Release|Any CPU
		{0AA8AC29-B08E-4852-A520-B8C01B4DD685}.Release|Any CPU.Build.0 = Release|Any CPU
		{8246E701-DF1D-4357-957D-12949CE99D56}.Debug|Any CPU.ActiveCfg = Debug|Any CPU
		{8246E701-DF1D-4357-957D-12949CE99D56}.Debug|Any CPU.Build.0 = Debug|Any CPU
		{8246E701-DF1D-4357-957D-12949CE99D56}.Release|Any CPU.ActiveCfg = Release|Any CPU
		{8246E701-DF1D-4357-957D-12949CE99D56}.Release|Any CPU.Build.0 = Release|Any CPU
		{AAE45285-7B12-4C73-A446-A584435FBDFA}.Debug|Any CPU.ActiveCfg = Debug|Any CPU
		{AAE45285-7B12-4C73-A446-A584435FBDFA}.Debug|Any CPU.Build.0 = Debug|Any CPU
		{AAE45285-7B12-4C73-A446-A584435FBDFA}.Release|Any CPU.ActiveCfg = Release|Any CPU
		{AAE45285-7B12-4C73-A446-A584435FBDFA}.Release|Any CPU.Build.0 = Release|Any CPU
		{D5B4A569-1FED-484C-8700-6776CDFED499}.Debug|Any CPU.ActiveCfg = Debug|Any CPU
		{D5B4A569-1FED-484C-8700-6776CDFED499}.Debug|Any CPU.Build.0 = Debug|Any CPU
		{D5B4A569-1FED-484C-8700-6776CDFED499}.Release|Any CPU.ActiveCfg = Release|Any CPU
		{D5B4A569-1FED-484C-8700-6776CDFED499}.Release|Any CPU.Build.0 = Release|Any CPU
		{898CAC65-2FF4-4333-93A8-893536B5153E}.Debug|Any CPU.ActiveCfg = Debug|Any CPU
		{898CAC65-2FF4-4333-93A8-893536B5153E}.Debug|Any CPU.Build.0 = Debug|Any CPU
		{898CAC65-2FF4-4333-93A8-893536B5153E}.Release|Any CPU.ActiveCfg = Release|Any CPU
		{898CAC65-2FF4-4333-93A8-893536B5153E}.Release|Any CPU.Build.0 = Release|Any CPU
		{CA7ED99D-7F5F-452D-94D1-921B01809857}.Debug|Any CPU.ActiveCfg = Debug|Any CPU
		{CA7ED99D-7F5F-452D-94D1-921B01809857}.Debug|Any CPU.Build.0 = Debug|Any CPU
		{CA7ED99D-7F5F-452D-94D1-921B01809857}.Release|Any CPU.ActiveCfg = Release|Any CPU
		{CA7ED99D-7F5F-452D-94D1-921B01809857}.Release|Any CPU.Build.0 = Release|Any CPU
		{6318E6A0-5ED6-41A5-AE6C-77623D85AB2C}.Debug|Any CPU.ActiveCfg = Debug|Any CPU
		{6318E6A0-5ED6-41A5-AE6C-77623D85AB2C}.Debug|Any CPU.Build.0 = Debug|Any CPU
		{6318E6A0-5ED6-41A5-AE6C-77623D85AB2C}.Release|Any CPU.ActiveCfg = Release|Any CPU
		{6318E6A0-5ED6-41A5-AE6C-77623D85AB2C}.Release|Any CPU.Build.0 = Release|Any CPU
		{537F651B-5D39-4B79-BA1F-85D1C1E3930F}.Debug|Any CPU.ActiveCfg = Debug|Any CPU
		{537F651B-5D39-4B79-BA1F-85D1C1E3930F}.Debug|Any CPU.Build.0 = Debug|Any CPU
		{537F651B-5D39-4B79-BA1F-85D1C1E3930F}.Release|Any CPU.ActiveCfg = Release|Any CPU
		{537F651B-5D39-4B79-BA1F-85D1C1E3930F}.Release|Any CPU.Build.0 = Release|Any CPU
		{498C828A-0E05-491B-84EE-0828C0235EE7}.Debug|Any CPU.ActiveCfg = Debug|Any CPU
		{498C828A-0E05-491B-84EE-0828C0235EE7}.Debug|Any CPU.Build.0 = Debug|Any CPU
		{498C828A-0E05-491B-84EE-0828C0235EE7}.Release|Any CPU.ActiveCfg = Release|Any CPU
		{498C828A-0E05-491B-84EE-0828C0235EE7}.Release|Any CPU.Build.0 = Release|Any CPU
		{A959934B-3CDF-4437-8CE4-D514E8D4423D}.Debug|Any CPU.ActiveCfg = Debug|Any CPU
		{A959934B-3CDF-4437-8CE4-D514E8D4423D}.Debug|Any CPU.Build.0 = Debug|Any CPU
		{A959934B-3CDF-4437-8CE4-D514E8D4423D}.Release|Any CPU.ActiveCfg = Release|Any CPU
		{A959934B-3CDF-4437-8CE4-D514E8D4423D}.Release|Any CPU.Build.0 = Release|Any CPU
		{3A1D90C3-A7F4-4BD6-993B-5D221544A9E2}.Debug|Any CPU.ActiveCfg = Debug|Any CPU
		{3A1D90C3-A7F4-4BD6-993B-5D221544A9E2}.Debug|Any CPU.Build.0 = Debug|Any CPU
		{3A1D90C3-A7F4-4BD6-993B-5D221544A9E2}.Release|Any CPU.ActiveCfg = Release|Any CPU
		{3A1D90C3-A7F4-4BD6-993B-5D221544A9E2}.Release|Any CPU.Build.0 = Release|Any CPU
		{592E1E39-A95B-44EF-81F0-508130CEBDD5}.Debug|Any CPU.ActiveCfg = Debug|Any CPU
		{592E1E39-A95B-44EF-81F0-508130CEBDD5}.Debug|Any CPU.Build.0 = Debug|Any CPU
		{592E1E39-A95B-44EF-81F0-508130CEBDD5}.Release|Any CPU.ActiveCfg = Release|Any CPU
		{592E1E39-A95B-44EF-81F0-508130CEBDD5}.Release|Any CPU.Build.0 = Release|Any CPU
		{3266F889-9D47-420E-A640-D24AEC5871A5}.Debug|Any CPU.ActiveCfg = Debug|Any CPU
		{3266F889-9D47-420E-A640-D24AEC5871A5}.Debug|Any CPU.Build.0 = Debug|Any CPU
		{3266F889-9D47-420E-A640-D24AEC5871A5}.Release|Any CPU.ActiveCfg = Release|Any CPU
		{3266F889-9D47-420E-A640-D24AEC5871A5}.Release|Any CPU.Build.0 = Release|Any CPU
		{201F5725-DB77-4DE4-9E49-B83CB6C042FD}.Debug|Any CPU.ActiveCfg = Debug|Any CPU
		{201F5725-DB77-4DE4-9E49-B83CB6C042FD}.Debug|Any CPU.Build.0 = Debug|Any CPU
		{201F5725-DB77-4DE4-9E49-B83CB6C042FD}.Release|Any CPU.ActiveCfg = Release|Any CPU
		{201F5725-DB77-4DE4-9E49-B83CB6C042FD}.Release|Any CPU.Build.0 = Release|Any CPU
	EndGlobalSection
	GlobalSection(SolutionProperties) = preSolution
		HideSolutionNode = FALSE
	EndGlobalSection
	GlobalSection(NestedProjects) = preSolution
		{A95E023C-7534-47B0-8A65-0619DFCCE456} = {DC2F9910-58B2-46BC-B630-7C13B73F3B61}
		{6F02E200-49D6-4E9D-9FAA-A29541C76D9F} = {7D1B1200-7E64-41AF-875F-84C08DDAE562}
		{34A372A6-EA37-48A7-AD2B-C937A1DA01D2} = {7D1B1200-7E64-41AF-875F-84C08DDAE562}
		{BAF2D6CC-D9D7-44CE-A92F-D60479D2E94F} = {7D1B1200-7E64-41AF-875F-84C08DDAE562}
		{53C2367E-2B76-4F13-913D-9E162BCF886D} = {274EEB5E-7E2B-4B2F-9158-233028983692}
		{0AA8AC29-B08E-4852-A520-B8C01B4DD685} = {22F9BC22-F774-4B76-91F9-D5885E3F421E}
		{8246E701-DF1D-4357-957D-12949CE99D56} = {15EEE47B-5302-4D8D-B84A-5AA1467C1450}
		{AAE45285-7B12-4C73-A446-A584435FBDFA} = {F7599BA7-3248-41FB-9077-207BF1867464}
		{D5B4A569-1FED-484C-8700-6776CDFED499} = {3E5EA1A6-0199-4EDE-84CB-E5B8F922DC54}
		{898CAC65-2FF4-4333-93A8-893536B5153E} = {3E5EA1A6-0199-4EDE-84CB-E5B8F922DC54}
		{CA7ED99D-7F5F-452D-94D1-921B01809857} = {F7599BA7-3248-41FB-9077-207BF1867464}
		{6318E6A0-5ED6-41A5-AE6C-77623D85AB2C} = {F7599BA7-3248-41FB-9077-207BF1867464}
		{537F651B-5D39-4B79-BA1F-85D1C1E3930F} = {F7599BA7-3248-41FB-9077-207BF1867464}
		{498C828A-0E05-491B-84EE-0828C0235EE7} = {F7599BA7-3248-41FB-9077-207BF1867464}
		{A959934B-3CDF-4437-8CE4-D514E8D4423D} = {3E5EA1A6-0199-4EDE-84CB-E5B8F922DC54}
		{3A1D90C3-A7F4-4BD6-993B-5D221544A9E2} = {3E5EA1A6-0199-4EDE-84CB-E5B8F922DC54}
		{592E1E39-A95B-44EF-81F0-508130CEBDD5} = {3E5EA1A6-0199-4EDE-84CB-E5B8F922DC54}
		{3266F889-9D47-420E-A640-D24AEC5871A5} = {BC8DFAB9-05C3-4EE6-B38D-D5E517655FDD}
		{201F5725-DB77-4DE4-9E49-B83CB6C042FD} = {7DFC5485-4ED9-4BB9-9EF9-A285C105F35F}
	EndGlobalSection
	GlobalSection(ExtensibilityGlobals) = postSolution
		SolutionGuid = {20A8D9D0-7249-4CA2-838B-9141BA469CDB}
	EndGlobalSection
EndGlobal
